# This file is automatically @generated by Cargo.
# It is not intended for manual editing.
version = 4

[[package]]
name = "qa-app"
version = "0.1.0"
dependencies = [
 "qa-core",
]

[[package]]
name = "qa-audio"
version = "0.1.0"
dependencies = [
 "qa-core",
]

[[package]]
name = "qa-bots"
version = "0.1.0"
dependencies = [
 "qa-core",
]

[[package]]
name = "qa-compat"
version = "0.1.0"
dependencies = [
 "qa-core",
]

[[package]]
name = "qa-console"
version = "0.1.0"
dependencies = [
 "qa-core",
]

[[package]]
name = "qa-content"
version = "0.1.0"
dependencies = [
 "qa-core",
]

[[package]]
name = "qa-core"
version = "0.1.0"

[[package]]
name = "qa-formats"
version = "0.1.0"
dependencies = [
 "qa-core",
]

[[package]]
name = "qa-gameplay"
version = "0.1.0"
dependencies = [
 "qa-core",
]

[[package]]
name = "qa-input"
version = "0.1.0"
dependencies = [
 "qa-core",
]

[[package]]
name = "qa-movement"
version = "0.1.0"
dependencies = [
 "qa-core",
]

[[package]]
name = "qa-navigation"
version = "0.1.0"
dependencies = [
 "qa-core",
]

[[package]]
name = "qa-network"
version = "0.1.0"
dependencies = [
 "qa-core",
]

[[package]]
name = "qa-persistence"
version = "0.1.0"
dependencies = [
 "qa-core",
]

[[package]]
name = "qa-platform"
version = "0.1.0"
dependencies = [
 "qa-core",
]

[[package]]
name = "qa-render"
version = "0.1.0"
dependencies = [
 "qa-core",
]

[[package]]
name = "qa-session"
version = "0.1.0"
dependencies = [
 "qa-core",
]

[[package]]
name = "qa-ui"
version = "0.1.0"
dependencies = [
 "qa-core",
]

[[package]]
name = "qa-world"
version = "0.1.0"
dependencies = [
 "qa-core",
]
