# This file is automatically @generated by Cargo.
# It is not intended for manual editing.
version = 4

[[package]]
name = "adler2"
version = "2.0.1"
source = "registry+https://github.com/rust-lang/crates.io-index"
checksum = "320119579fcad9c21884f5c4861d16174d0e06250625266f50fe6898340abefa"

[[package]]
name = "bitflags"
version = "2.13.2"
source = "registry+https://github.com/rust-lang/crates.io-index"
checksum = "3ded4057c258ba199e2d26386d3af3780957ecaee6c4ef4041c6b4b8b97c0b06"

[[package]]
name = "byteorder"
version = "1.5.0"
source = "registry+https://github.com/rust-lang/crates.io-index"
checksum = "1fd0f2584146f6f2ef48085050886acf353beff7305ebd1ae69500e27c67f64b"

[[package]]
name = "cfg-if"
version = "1.0.5"
source = "registry+https://github.com/rust-lang/crates.io-index"
checksum = "4e7648175b45a9a48536d676f68d918270699102aa8dab5496df06904c914600"

[[package]]
name = "color_quant"
version = "1.1.0"
source = "registry+https://github.com/rust-lang/crates.io-index"
checksum = "3d7b894f5411737b7867f4827955924d7c254fc9f4d91a6aad6b097804b1018b"

[[package]]
name = "crc32fast"
version = "1.5.2"
source = "registry+https://github.com/rust-lang/crates.io-index"
checksum = "01a7799fd6b852db0e61728dde9a204c423b44d689dbd432522543614b490e78"
dependencies = [
 "cfg-if",
]

[[package]]
name = "fdeflate"
version = "0.3.7"
source = "registry+https://github.com/rust-lang/crates.io-index"
checksum = "1e6853b52649d4ac5c0bd02320cddc5ba956bdb407c4b75a2c6b75bf51500f8c"
dependencies = [
 "simd-adler32",
]

[[package]]
name = "flate2"
version = "1.1.10"
source = "registry+https://github.com/rust-lang/crates.io-index"
checksum = "6e634e2e0ebac1ee034020da1ca582e17ffe4e0f5e985823721e168928136dcb"
dependencies = [
 "crc32fast",
 "miniz_oxide 0.9.1",
 "zlib-rs",
]

[[package]]
name = "gif"
version = "0.14.2"
source = "registry+https://github.com/rust-lang/crates.io-index"
checksum = "ee8cfcc411d9adbbaba82fb72661cc1bcca13e8bba98b364e62b2dba8f960159"
dependencies = [
 "color_quant",
 "weezl",
]

[[package]]
name = "lewton"
version = "0.10.2"
source = "registry+https://github.com/rust-lang/crates.io-index"
checksum = "777b48df9aaab155475a83a7df3070395ea1ac6902f5cd062b8f2b028075c030"
dependencies = [
 "byteorder",
 "ogg",
 "tinyvec",
]

[[package]]
name = "miniz_oxide"
version = "0.8.9"
source = "registry+https://github.com/rust-lang/crates.io-index"
checksum = "1fa76a2c86f704bdb222d66965fb3d63269ce38518b83cb0575fca855ebb6316"
dependencies = [
 "adler2",
 "simd-adler32",
]

[[package]]
name = "miniz_oxide"
version = "0.9.1"
source = "registry+https://github.com/rust-lang/crates.io-index"
checksum = "b63fbc4a50860e98e7b2aa7804ded1db5cbc3aff9193adaff57a6931bf7c4b4c"
dependencies = [
 "adler2",
 "simd-adler32",
]

[[package]]
name = "ogg"
version = "0.8.0"
source = "registry+https://github.com/rust-lang/crates.io-index"
checksum = "6951b4e8bf21c8193da321bcce9c9dd2e13c858fe078bf9054a288b419ae5d6e"
dependencies = [
 "byteorder",
]

[[package]]
name = "png"
version = "0.18.1"
source = "registry+https://github.com/rust-lang/crates.io-index"
checksum = "60769b8b31b2a9f263dae2776c37b1b28ae246943cf719eb6946a1db05128a61"
dependencies = [
 "bitflags",
 "crc32fast",
 "fdeflate",
 "flate2",
 "miniz_oxide 0.8.9",
]

[[package]]
name = "qa-app"
version = "0.1.0"
dependencies = [
 "qa-console",
 "qa-content",
 "qa-core",
 "qa-formats",
 "qa-input",
 "qa-movement",
 "qa-network",
 "qa-platform",
 "qa-session",
 "qa-ui",
 "qa-world",
]

[[package]]
name = "qa-audio"
version = "0.1.0"
dependencies = [
 "qa-core",
 "qa-formats",
]

[[package]]
name = "qa-bots"
version = "0.1.0"
dependencies = [
 "qa-core",
]

[[package]]
name = "qa-compat"
version = "0.1.0"
dependencies = [
 "qa-core",
]

[[package]]
name = "qa-console"
version = "0.1.0"
dependencies = [
 "qa-core",
 "qa-input",
]

[[package]]
name = "qa-content"
version = "0.1.0"
dependencies = [
 "qa-core",
 "qa-formats",
]

[[package]]
name = "qa-core"
version = "0.1.0"

[[package]]
name = "qa-formats"
version = "0.1.0"
dependencies = [
 "crc32fast",
 "flate2",
 "gif",
 "lewton",
 "png",
 "qa-core",
 "zune-core",
 "zune-jpeg",
]

[[package]]
name = "qa-gameplay"
version = "0.1.0"
dependencies = [
 "qa-core",
]

[[package]]
name = "qa-input"
version = "0.1.0"
dependencies = [
 "qa-core",
]

[[package]]
name = "qa-movement"
version = "0.1.0"
dependencies = [
 "qa-core",
 "qa-world",
]

[[package]]
name = "qa-navigation"
version = "0.1.0"
dependencies = [
 "qa-core",
]

[[package]]
name = "qa-network"
version = "0.1.0"
dependencies = [
 "qa-core",
]

[[package]]
name = "qa-persistence"
version = "0.1.0"
dependencies = [
 "qa-core",
]

[[package]]
name = "qa-platform"
version = "0.1.0"
dependencies = [
 "qa-app",
 "qa-console",
 "qa-core",
 "qa-input",
 "qa-movement",
 "qa-network",
 "qa-session",
 "qa-world",
]

[[package]]
name = "qa-render"
version = "0.1.0"
dependencies = [
 "qa-core",
]

[[package]]
name = "qa-session"
version = "0.1.0"
dependencies = [
 "qa-core",
 "qa-input",
 "qa-movement",
 "qa-world",
]

[[package]]
name = "qa-ui"
version = "0.1.0"
dependencies = [
 "qa-core",
 "qa-gameplay",
]

[[package]]
name = "qa-world"
version = "0.1.0"
dependencies = [
 "qa-core",
 "qa-platform",
]

[[package]]
name = "simd-adler32"
version = "0.3.10"
source = "registry+https://github.com/rust-lang/crates.io-index"
checksum = "3a219298ac11a56ea9a6d2120044824d6f01aeb034955e7af7bc16858527deea"

[[package]]
name = "tinyvec"
version = "1.13.3"
source = "registry+https://github.com/rust-lang/crates.io-index"
checksum = "fd3ca314f692efd6c868f8408f53fe444634a845f96c028b97d35f6a1f79f0ee"

[[package]]
name = "weezl"
version = "0.1.12"
source = "registry+https://github.com/rust-lang/crates.io-index"
checksum = "a28ac98ddc8b9274cb41bb4d9d4d5c425b6020c50c46f25559911905610b4a88"

[[package]]
name = "zlib-rs"
version = "0.6.8"
source = "registry+https://github.com/rust-lang/crates.io-index"
checksum = "b268e58e7c693d7c271f93ffc4ba3b380412554231c85bf61ca7af91042a4112"

[[package]]
name = "zune-core"
version = "0.5.3"
source = "registry+https://github.com/rust-lang/crates.io-index"
checksum = "d56377fd46368984a170bc5aac5567e52ca5da874caa60bea39fcbca78fb658b"

[[package]]
name = "zune-jpeg"
version = "0.5.15"
source = "registry+https://github.com/rust-lang/crates.io-index"
checksum = "27bc9d5b815bc103f142aa054f561d9187d191692ec7c2d1e2b4737f8dbd7296"
dependencies = [
 "zune-core",
]
